
Microsoft Visual Studio Solution File, Format Version 12.00
# Visual Studio Version 17
VisualStudioVersion = 17.0.31903.59
MinimumVisualStudioVersion = 10.0.40219.1
Project("{2150E333-8FDC-42A3-9474-1A3956D46DE8}") = "src", "src", "{827E0CD3-B72D-47B6-A68D-7590B98EB39B}"
EndProject
Project("{FAE04EC0-301F-11D3-BF4B-00C04F79EFBC}") = "Shop.Domain", "src\Shop.Domain\Shop.Domain.csproj", "{020D56A4-0A97-40A1-8FA0-DA5AFAE2C08B}"
EndProject
Project("{FAE04EC0-301F-11D3-BF4B-00C04F79EFBC}") = "Shop.Application", "src\Shop.Application\Shop.Application.csproj", "{DA4521CC-4E13-4DD2-BA0D-EA8F9DB1818A}"
EndProject
Project("{FAE04EC0-301F-11D3-BF4B-00C04F79EFBC}") = "Shop.Infrastructure", "src\Shop.Infrastructure\Shop.Infrastructure.csproj", "{4D3DA7AE-7CE7-41F2-842C-284B7DDA7C30}"
EndProject
Project("{FAE04EC0-301F-11D3-BF4B-00C04F79EFBC}") = "Shop.API", "src\Shop.API\Shop.API.csproj", "{623A4F77-0931-4C70-9E60-E637E835D406}"
EndProject
Project("{FAE04EC0-301F-11D3-BF4B-00C04F79EFBC}") = "Shop.UnitTests", "tests\Shop.UnitTests\Shop.UnitTests.csproj", "{8D66ACD2-7EA0-4F25-BC67-D4F7ACE2F9EF}"
EndProject
Global
	GlobalSection(SolutionConfigurationPlatforms) = preSolution
		Debug|Any CPU = Debug|Any CPU
		Debug|x64 = Debug|x64
		Debug|x86 = Debug|x86
		Release|Any CPU = Release|Any CPU
		Release|x64 = Release|x64
		Release|x86 = Release|x86
	EndGlobalSection
	GlobalSection(ProjectConfigurationPlatforms) = postSolution
		{020D56A4-0A97-40A1-8FA0-DA5AFAE2C08B}.Debug|Any CPU.ActiveCfg = Debug|Any CPU
		{020D56A4-0A97-40A1-8FA0-DA5AFAE2C08B}.Debug|Any CPU.Build.0 = Debug|Any CPU
		{020D56A4-0A97-40A1-8FA0-DA5AFAE2C08B}.Debug|x64.ActiveCfg = Debug|Any CPU
		{020D56A4-0A97-40A1-8FA0-DA5AFAE2C08B}.Debug|x64.Build.0 = Debug|Any CPU
		{020D56A4-0A97-40A1-8FA0-DA5AFAE2C08B}.Debug|x86.ActiveCfg = Debug|Any CPU
		{020D56A4-0A97-40A1-8FA0-DA5AFAE2C08B}.Debug|x86.Build.0 = Debug|Any CPU
		{020D56A4-0A97-40A1-8FA0-DA5AFAE2C08B}.Release|Any CPU.ActiveCfg = Release|Any CPU
		{020D56A4-0A97-40A1-8FA0-DA5AFAE2C08B}.Release|Any CPU.Build.0 = Release|Any CPU
		{020D56A4-0A97-40A1-8FA0-DA5AFAE2C08B}.Release|x64.ActiveCfg = Release|Any CPU
		{020D56A4-0A97-40A1-8FA0-DA5AFAE2C08B}.Release|x64.Build.0 = Release|Any CPU
		{020D56A4-0A97-40A1-8FA0-DA5AFAE2C08B}.Release|x86.ActiveCfg = Release|Any CPU
		{020D56A4-0A97-40A1-8FA0-DA5AFAE2C08B}.Release|x86.Build.0 = Release|Any CPU
		{DA4521CC-4E13-4DD2-BA0D-EA8F9DB1818A}.Debug|Any CPU.ActiveCfg = Debug|Any CPU
		{DA4521CC-4E13-4DD2-BA0D-EA8F9DB1818A}.Debug|Any CPU.Build.0 = Debug|Any CPU
		{DA4521CC-4E13-4DD2-BA0D-EA8F9DB1818A}.Debug|x64.ActiveCfg = Debug|Any CPU
		{DA4521CC-4E13-4DD2-BA0D-EA8F9DB1818A}.Debug|x64.Build.0 = Debug|Any CPU
		{DA4521CC-4E13-4DD2-BA0D-EA8F9DB1818A}.Debug|x86.ActiveCfg = Debug|Any CPU
		{DA4521CC-4E13-4DD2-BA0D-EA8F9DB1818A}.Debug|x86.Build.0 = Debug|Any CPU
		{DA4521CC-4E13-4DD2-BA0D-EA8F9DB1818A}.Release|Any CPU.ActiveCfg = Release|Any CPU
		{DA4521CC-4E13-4DD2-BA0D-EA8F9DB1818A}.Release|Any CPU.Build.0 = Release|Any CPU
		{DA4521CC-4E13-4DD2-BA0D-EA8F9DB1818A}.Release|x64.ActiveCfg = Release|Any CPU
		{DA4521CC-4E13-4DD2-BA0D-EA8F9DB1818A}.Release|x64.Build.0 = Release|Any CPU
		{DA4521CC-4E13-4DD2-BA0D-EA8F9DB1818A}.Release|x86.ActiveCfg = Release|Any CPU
		{DA4521CC-4E13-4DD2-BA0D-EA8F9DB1818A}.Release|x86.Build.0 = Release|Any CPU
		{4D3DA7AE-7CE7-41F2-842C-284B7DDA7C30}.Debug|Any CPU.ActiveCfg = Debug|Any CPU
		{4D3DA7AE-7CE7-41F2-842C-284B7DDA7C30}.Debug|Any CPU.Build.0 = Debug|Any CPU
		{4D3DA7AE-7CE7-41F2-842C-284B7DDA7C30}.Debug|x64.ActiveCfg = Debug|Any CPU
		{4D3DA7AE-7CE7-41F2-842C-284B7DDA7C30}.Debug|x64.Build.0 = Debug|Any CPU
		{4D3DA7AE-7CE7-41F2-842C-284B7DDA7C30}.Debug|x86.ActiveCfg = Debug|Any CPU
		{4D3DA7AE-7CE7-41F2-842C-284B7DDA7C30}.Debug|x86.Build.0 = Debug|Any CPU
		{4D3DA7AE-7CE7-41F2-842C-284B7DDA7C30}.Release|Any CPU.ActiveCfg = Release|Any CPU
		{4D3DA7AE-7CE7-41F2-842C-284B7DDA7C30}.Release|Any CPU.Build.0 = Release|Any CPU
		{4D3DA7AE-7CE7-41F2-842C-284B7DDA7C30}.Release|x64.ActiveCfg = Release|Any CPU
		{4D3DA7AE-7CE7-41F2-842C-284B7DDA7C30}.Release|x64.Build.0 = Release|Any CPU
		{4D3DA7AE-7CE7-41F2-842C-284B7DDA7C30}.Release|x86.ActiveCfg = Release|Any CPU
		{4D3DA7AE-7CE7-41F2-842C-284B7DDA7C30}.Release|x86.Build.0 = Release|Any CPU
		{623A4F77-0931-4C70-9E60-E637E835D406}.Debug|Any CPU.ActiveCfg = Debug|Any CPU
		{623A4F77-0931-4C70-9E60-E637E835D406}.Debug|Any CPU.Build.0 = Debug|Any CPU
		{623A4F77-0931-4C70-9E60-E637E835D406}.Debug|x64.ActiveCfg = Debug|Any CPU
		{623A4F77-0931-4C70-9E60-E637E835D406}.Debug|x64.Build.0 = Debug|Any CPU
		{623A4F77-0931-4C70-9E60-E637E835D406}.Debug|x86.ActiveCfg = Debug|Any CPU
		{623A4F77-0931-4C70-9E60-E637E835D406}.Debug|x86.Build.0 = Debug|Any CPU
		{623A4F77-0931-4C70-9E60-E637E835D406}.Release|Any CPU.ActiveCfg = Release|Any CPU
		{623A4F77-0931-4C70-9E60-E637E835D406}.Release|Any CPU.Build.0 = Release|Any CPU
		{623A4F77-0931-4C70-9E60-E637E835D406}.Release|x64.ActiveCfg = Release|Any CPU
		{623A4F77-0931-4C70-9E60-E637E835D406}.Release|x64.Build.0 = Release|Any CPU
		{623A4F77-0931-4C70-9E60-E637E835D406}.Release|x86.ActiveCfg = Release|Any CPU
		{623A4F77-0931-4C70-9E60-E637E835D406}.Release|x86.Build.0 = Release|Any CPU
		{8D66ACD2-7EA0-4F25-BC67-D4F7ACE2F9EF}.Debug|Any CPU.ActiveCfg = Debug|Any CPU
		{8D66ACD2-7EA0-4F25-BC67-D4F7ACE2F9EF}.Debug|Any CPU.Build.0 = Debug|Any CPU
		{8D66ACD2-7EA0-4F25-BC67-D4F7ACE2F9EF}.Debug|x64.ActiveCfg = Debug|Any CPU
		{8D66ACD2-7EA0-4F25-BC67-D4F7ACE2F9EF}.Debug|x64.Build.0 = Debug|Any CPU
		{8D66ACD2-7EA0-4F25-BC67-D4F7ACE2F9EF}.Debug|x86.ActiveCfg = Debug|Any CPU
		{8D66ACD2-7EA0-4F25-BC67-D4F7ACE2F9EF}.Debug|x86.Build.0 = Debug|Any CPU
		{8D66ACD2-7EA0-4F25-BC67-D4F7ACE2F9EF}.Release|Any CPU.ActiveCfg = Release|Any CPU
		{8D66ACD2-7EA0-4F25-BC67-D4F7ACE2F9EF}.Release|Any CPU.Build.0 = Release|Any CPU
		{8D66ACD2-7EA0-4F25-BC67-D4F7ACE2F9EF}.Release|x64.ActiveCfg = Release|Any CPU
		{8D66ACD2-7EA0-4F25-BC67-D4F7ACE2F9EF}.Release|x64.Build.0 = Release|Any CPU
		{8D66ACD2-7EA0-4F25-BC67-D4F7ACE2F9EF}.Release|x86.ActiveCfg = Release|Any CPU
		{8D66ACD2-7EA0-4F25-BC67-D4F7ACE2F9EF}.Release|x86.Build.0 = Release|Any CPU
	EndGlobalSection
	GlobalSection(SolutionProperties) = preSolution
		HideSolutionNode = FALSE
	EndGlobalSection
	GlobalSection(NestedProjects) = preSolution
		{020D56A4-0A97-40A1-8FA0-DA5AFAE2C08B} = {827E0CD3-B72D-47B6-A68D-7590B98EB39B}
		{DA4521CC-4E13-4DD2-BA0D-EA8F9DB1818A} = {827E0CD3-B72D-47B6-A68D-7590B98EB39B}
		{4D3DA7AE-7CE7-41F2-842C-284B7DDA7C30} = {827E0CD3-B72D-47B6-A68D-7590B98EB39B}
		{623A4F77-0931-4C70-9E60-E637E835D406} = {827E0CD3-B72D-47B6-A68D-7590B98EB39B}
		{8D66ACD2-7EA0-4F25-BC67-D4F7ACE2F9EF} = {827E0CD3-B72D-47B6-A68D-7590B98EB39B}
	EndGlobalSection
EndGlobal
